// !$*UTF8*$!
{
	archiveVersion = 1;
	classes = {
	};
	objectVersion = 55;
	objects = {

/* Begin PBXBuildFile section */
		3808477A26F22E69005ABF4F /* AccountTabView.swift in Sources */ = {isa = PBXBuildFile; fileRef = 3808477926F22E69005ABF4F /* AccountTabView.swift */; };
		3808477D26F2301D005ABF4F /* AccountContainer.xcdatamodeld in Sources */ = {isa = PBXBuildFile; fileRef = 3808477B26F2301D005ABF4F /* AccountContainer.xcdatamodeld */; };
		3808477F26F23254005ABF4F /* AccountDataService.swift in Sources */ = {isa = PBXBuildFile; fileRef = 3808477E26F23254005ABF4F /* AccountDataService.swift */; };
		3808478126F23889005ABF4F /* AccountTabViewModel.swift in Sources */ = {isa = PBXBuildFile; fileRef = 3808478026F23889005ABF4F /* AccountTabViewModel.swift */; };
		3808478326F26A5D005ABF4F /* AllAcountsView.swift in Sources */ = {isa = PBXBuildFile; fileRef = 3808478226F26A5D005ABF4F /* AllAcountsView.swift */; };
		3822D58F26F6835600528839 /* CoinLogoView.swift in Sources */ = {isa = PBXBuildFile; fileRef = 3822D58E26F6835600528839 /* CoinLogoView.swift */; };
		3822D59126F6882700528839 /* OrderCoinView.swift in Sources */ = {isa = PBXBuildFile; fileRef = 3822D59026F6882700528839 /* OrderCoinView.swift */; };
		3824175726E184CA002BCA6E /* NetworkManager.swift in Sources */ = {isa = PBXBuildFile; fileRef = 3824175626E184CA002BCA6E /* NetworkManager.swift */; };
		3824175A26E184ED002BCA6E /* CoinModel.swift in Sources */ = {isa = PBXBuildFile; fileRef = 3824175926E184ED002BCA6E /* CoinModel.swift */; };
		3824175C26E18511002BCA6E /* CoinDataService.swift in Sources */ = {isa = PBXBuildFile; fileRef = 3824175B26E18511002BCA6E /* CoinDataService.swift */; };
		3824175E26E18563002BCA6E /* InvestTabViewModel.swift in Sources */ = {isa = PBXBuildFile; fileRef = 3824175D26E18563002BCA6E /* InvestTabViewModel.swift */; };
		3824176026E1862F002BCA6E /* PreviewProvider+.swift in Sources */ = {isa = PBXBuildFile; fileRef = 3824175F26E1862F002BCA6E /* PreviewProvider+.swift */; };
		3824176226E18688002BCA6E /* Double+.swift in Sources */ = {isa = PBXBuildFile; fileRef = 3824176126E18688002BCA6E /* Double+.swift */; };
		3824176526E187E4002BCA6E /* CoinRowView.swift in Sources */ = {isa = PBXBuildFile; fileRef = 3824176426E187E4002BCA6E /* CoinRowView.swift */; };
		3824176726E19A0B002BCA6E /* CryptoListDetailView.swift in Sources */ = {isa = PBXBuildFile; fileRef = 3824176626E19A0B002BCA6E /* CryptoListDetailView.swift */; };
		3824176926E19D2E002BCA6E /* UINavigationController+.swift in Sources */ = {isa = PBXBuildFile; fileRef = 3824176826E19D2E002BCA6E /* UINavigationController+.swift */; };
		3824177026E1A5DC002BCA6E /* AddCoinView.swift in Sources */ = {isa = PBXBuildFile; fileRef = 3824176F26E1A5DC002BCA6E /* AddCoinView.swift */; };
		3824177226E1A9FF002BCA6E /* XMarkButton.swift in Sources */ = {isa = PBXBuildFile; fileRef = 3824177126E1A9FF002BCA6E /* XMarkButton.swift */; };
		3824177426E1C861002BCA6E /* Path+.swift in Sources */ = {isa = PBXBuildFile; fileRef = 3824177326E1C861002BCA6E /* Path+.swift */; };
		3824177726E1C88A002BCA6E /* SimpleLineChartView.swift in Sources */ = {isa = PBXBuildFile; fileRef = 3824177626E1C88A002BCA6E /* SimpleLineChartView.swift */; };
		3824177926E1D1A8002BCA6E /* API.swift in Sources */ = {isa = PBXBuildFile; fileRef = 3824177826E1D1A8002BCA6E /* API.swift */; };
		3824177E26E1D230002BCA6E /* BrowseTabView.swift in Sources */ = {isa = PBXBuildFile; fileRef = 3824177D26E1D230002BCA6E /* BrowseTabView.swift */; };
		3824178026E1D250002BCA6E /* NewsModel.swift in Sources */ = {isa = PBXBuildFile; fileRef = 3824177F26E1D250002BCA6E /* NewsModel.swift */; };
		3824178226E1D289002BCA6E /* Date+.swift in Sources */ = {isa = PBXBuildFile; fileRef = 3824178126E1D289002BCA6E /* Date+.swift */; };
		3824178426E1D2B6002BCA6E /* NewsDataService.swift in Sources */ = {isa = PBXBuildFile; fileRef = 3824178326E1D2B6002BCA6E /* NewsDataService.swift */; };
		3824178626E1D2D2002BCA6E /* BrowseTabViewModel.swift in Sources */ = {isa = PBXBuildFile; fileRef = 3824178526E1D2D2002BCA6E /* BrowseTabViewModel.swift */; };
		3824178826E1D3BA002BCA6E /* NewsRowView.swift in Sources */ = {isa = PBXBuildFile; fileRef = 3824178726E1D3BA002BCA6E /* NewsRowView.swift */; };
		3824178B26E1D4BE002BCA6E /* BetterSafariView in Frameworks */ = {isa = PBXBuildFile; productRef = 3824178A26E1D4BE002BCA6E /* BetterSafariView */; };
		3824178D26E1D559002BCA6E /* LocalFileManager.swift in Sources */ = {isa = PBXBuildFile; fileRef = 3824178C26E1D559002BCA6E /* LocalFileManager.swift */; };
		3824178F26E1D584002BCA6E /* ImageService.swift in Sources */ = {isa = PBXBuildFile; fileRef = 3824178E26E1D584002BCA6E /* ImageService.swift */; };
		3824179226E1D5E0002BCA6E /* CustomImageView.swift in Sources */ = {isa = PBXBuildFile; fileRef = 3824179126E1D5E0002BCA6E /* CustomImageView.swift */; };
		3824179426E1D5F0002BCA6E /* CustomImageViewModel.swift in Sources */ = {isa = PBXBuildFile; fileRef = 3824179326E1D5F0002BCA6E /* CustomImageViewModel.swift */; };
		38723A9526FBAC170052EE4E /* View+.swift in Sources */ = {isa = PBXBuildFile; fileRef = 38723A9426FBAC170052EE4E /* View+.swift */; };
		38B20A6926E13C280028B819 /* MyPortfolioApp.swift in Sources */ = {isa = PBXBuildFile; fileRef = 38B20A6826E13C280028B819 /* MyPortfolioApp.swift */; };
		38B20A6B26E13C280028B819 /* MyPortfolioView.swift in Sources */ = {isa = PBXBuildFile; fileRef = 38B20A6A26E13C280028B819 /* MyPortfolioView.swift */; };
		38B20A6D26E13C2B0028B819 /* Assets.xcassets in Resources */ = {isa = PBXBuildFile; fileRef = 38B20A6C26E13C2B0028B819 /* Assets.xcassets */; };
		38B20A7026E13C2B0028B819 /* Preview Assets.xcassets in Resources */ = {isa = PBXBuildFile; fileRef = 38B20A6F26E13C2B0028B819 /* Preview Assets.xcassets */; };
		38B20A7E26E14C110028B819 /* InvestTabView.swift in Sources */ = {isa = PBXBuildFile; fileRef = 38B20A7D26E14C110028B819 /* InvestTabView.swift */; };
		38B20A8026E157340028B819 /* Color+.swift in Sources */ = {isa = PBXBuildFile; fileRef = 38B20A7F26E157340028B819 /* Color+.swift */; };
		38CE2EA026E47B0500FD0E17 /* String+.swift in Sources */ = {isa = PBXBuildFile; fileRef = 38CE2E9F26E47B0500FD0E17 /* String+.swift */; };
		38CF8DA926E55DC600F817F6 /* HapticManager.swift in Sources */ = {isa = PBXBuildFile; fileRef = 38CF8DA826E55DC600F817F6 /* HapticManager.swift */; };
		38D5666226E26FF0005D71DA /* DetailLineChartView.swift in Sources */ = {isa = PBXBuildFile; fileRef = 38D5666126E26FF0005D71DA /* DetailLineChartView.swift */; };
		38D5666426E27336005D71DA /* CoinDetailView.swift in Sources */ = {isa = PBXBuildFile; fileRef = 38D5666326E27336005D71DA /* CoinDetailView.swift */; };
		38D5666626E27ED1005D71DA /* ListTitleRow.swift in Sources */ = {isa = PBXBuildFile; fileRef = 38D5666526E27ED1005D71DA /* ListTitleRow.swift */; };
		38D5666926E282C8005D71DA /* CoinDetailViewModel.swift in Sources */ = {isa = PBXBuildFile; fileRef = 38D5666826E282C8005D71DA /* CoinDetailViewModel.swift */; };
		38F6634D26E437E500631E88 /* CoinDetailNewsView.swift in Sources */ = {isa = PBXBuildFile; fileRef = 38F6634C26E437E500631E88 /* CoinDetailNewsView.swift */; };
		38F6634F26E43B5900631E88 /* CoinMarketChartModel.swift in Sources */ = {isa = PBXBuildFile; fileRef = 38F6634E26E43B5900631E88 /* CoinMarketChartModel.swift */; };
		38F6635126E43E5300631E88 /* CoinMarketChartService.swift in Sources */ = {isa = PBXBuildFile; fileRef = 38F6635026E43E5300631E88 /* CoinMarketChartService.swift */; };
/* End PBXBuildFile section */

/* Begin PBXFileReference section */
		3808477926F22E69005ABF4F /* AccountTabView.swift */ = {isa = PBXFileReference; lastKnownFileType = sourcecode.swift; path = AccountTabView.swift; sourceTree = "<group>"; };
		3808477C26F2301D005ABF4F /* PortfolioContainer.xcdatamodel */ = {isa = PBXFileReference; lastKnownFileType = wrapper.xcdatamodel; path = PortfolioContainer.xcdatamodel; sourceTree = "<group>"; };
		3808477E26F23254005ABF4F /* AccountDataService.swift */ = {isa = PBXFileReference; lastKnownFileType = sourcecode.swift; path = AccountDataService.swift; sourceTree = "<group>"; };
		3808478026F23889005ABF4F /* AccountTabViewModel.swift */ = {isa = PBXFileReference; lastKnownFileType = sourcecode.swift; path = AccountTabViewModel.swift; sourceTree = "<group>"; };
		3808478226F26A5D005ABF4F /* AllAcountsView.swift */ = {isa = PBXFileReference; lastKnownFileType = sourcecode.swift; path = AllAcountsView.swift; sourceTree = "<group>"; };
		3822D58E26F6835600528839 /* CoinLogoView.swift */ = {isa = PBXFileReference; lastKnownFileType = sourcecode.swift; path = CoinLogoView.swift; sourceTree = "<group>"; };
		3822D59026F6882700528839 /* OrderCoinView.swift */ = {isa = PBXFileReference; lastKnownFileType = sourcecode.swift; path = OrderCoinView.swift; sourceTree = "<group>"; };
		3824175626E184CA002BCA6E /* NetworkManager.swift */ = {isa = PBXFileReference; lastKnownFileType = sourcecode.swift; path = NetworkManager.swift; sourceTree = "<group>"; };
		3824175926E184ED002BCA6E /* CoinModel.swift */ = {isa = PBXFileReference; lastKnownFileType = sourcecode.swift; path = CoinModel.swift; sourceTree = "<group>"; };
		3824175B26E18511002BCA6E /* CoinDataService.swift */ = {isa = PBXFileReference; lastKnownFileType = sourcecode.swift; path = CoinDataService.swift; sourceTree = "<group>"; };
		3824175D26E18563002BCA6E /* InvestTabViewModel.swift */ = {isa = PBXFileReference; lastKnownFileType = sourcecode.swift; path = InvestTabViewModel.swift; sourceTree = "<group>"; };
		3824175F26E1862F002BCA6E /* PreviewProvider+.swift */ = {isa = PBXFileReference; lastKnownFileType = sourcecode.swift; path = "PreviewProvider+.swift"; sourceTree = "<group>"; };
		3824176126E18688002BCA6E /* Double+.swift */ = {isa = PBXFileReference; lastKnownFileType = sourcecode.swift; path = "Double+.swift"; sourceTree = "<group>"; };
		3824176426E187E4002BCA6E /* CoinRowView.swift */ = {isa = PBXFileReference; lastKnownFileType = sourcecode.swift; path = CoinRowView.swift; sourceTree = "<group>"; };
		3824176626E19A0B002BCA6E /* CryptoListDetailView.swift */ = {isa = PBXFileReference; lastKnownFileType = sourcecode.swift; path = CryptoListDetailView.swift; sourceTree = "<group>"; };
		3824176826E19D2E002BCA6E /* UINavigationController+.swift */ = {isa = PBXFileReference; lastKnownFileType = sourcecode.swift; path = "UINavigationController+.swift"; sourceTree = "<group>"; };
		3824176F26E1A5DC002BCA6E /* AddCoinView.swift */ = {isa = PBXFileReference; lastKnownFileType = sourcecode.swift; path = AddCoinView.swift; sourceTree = "<group>"; };
		3824177126E1A9FF002BCA6E /* XMarkButton.swift */ = {isa = PBXFileReference; lastKnownFileType = sourcecode.swift; path = XMarkButton.swift; sourceTree = "<group>"; };
		3824177326E1C861002BCA6E /* Path+.swift */ = {isa = PBXFileReference; lastKnownFileType = sourcecode.swift; path = "Path+.swift"; sourceTree = "<group>"; };
		3824177626E1C88A002BCA6E /* SimpleLineChartView.swift */ = {isa = PBXFileReference; lastKnownFileType = sourcecode.swift; path = SimpleLineChartView.swift; sourceTree = "<group>"; };
		3824177826E1D1A8002BCA6E /* API.swift */ = {isa = PBXFileReference; lastKnownFileType = sourcecode.swift; path = API.swift; sourceTree = "<group>"; };
		3824177D26E1D230002BCA6E /* BrowseTabView.swift */ = {isa = PBXFileReference; lastKnownFileType = sourcecode.swift; path = BrowseTabView.swift; sourceTree = "<group>"; };
		3824177F26E1D250002BCA6E /* NewsModel.swift */ = {isa = PBXFileReference; lastKnownFileType = sourcecode.swift; path = NewsModel.swift; sourceTree = "<group>"; };
		3824178126E1D289002BCA6E /* Date+.swift */ = {isa = PBXFileReference; lastKnownFileType = sourcecode.swift; path = "Date+.swift"; sourceTree = "<group>"; };
		3824178326E1D2B6002BCA6E /* NewsDataService.swift */ = {isa = PBXFileReference; lastKnownFileType = sourcecode.swift; path = NewsDataService.swift; sourceTree = "<group>"; };
		3824178526E1D2D2002BCA6E /* BrowseTabViewModel.swift */ = {isa = PBXFileReference; lastKnownFileType = sourcecode.swift; path = BrowseTabViewModel.swift; sourceTree = "<group>"; };
		3824178726E1D3BA002BCA6E /* NewsRowView.swift */ = {isa = PBXFileReference; lastKnownFileType = sourcecode.swift; path = NewsRowView.swift; sourceTree = "<group>"; };
		3824178C26E1D559002BCA6E /* LocalFileManager.swift */ = {isa = PBXFileReference; lastKnownFileType = sourcecode.swift; path = LocalFileManager.swift; sourceTree = "<group>"; };
		3824178E26E1D584002BCA6E /* ImageService.swift */ = {isa = PBXFileReference; lastKnownFileType = sourcecode.swift; path = ImageService.swift; sourceTree = "<group>"; };
		3824179126E1D5E0002BCA6E /* CustomImageView.swift */ = {isa = PBXFileReference; lastKnownFileType = sourcecode.swift; path = CustomImageView.swift; sourceTree = "<group>"; };
		3824179326E1D5F0002BCA6E /* CustomImageViewModel.swift */ = {isa = PBXFileReference; lastKnownFileType = sourcecode.swift; path = CustomImageViewModel.swift; sourceTree = "<group>"; };
		38723A9426FBAC170052EE4E /* View+.swift */ = {isa = PBXFileReference; lastKnownFileType = sourcecode.swift; path = "View+.swift"; sourceTree = "<group>"; };
		38B20A6526E13C280028B819 /* MyPortfolio.app */ = {isa = PBXFileReference; explicitFileType = wrapper.application; includeInIndex = 0; path = MyPortfolio.app; sourceTree = BUILT_PRODUCTS_DIR; };
		38B20A6826E13C280028B819 /* MyPortfolioApp.swift */ = {isa = PBXFileReference; lastKnownFileType = sourcecode.swift; path = MyPortfolioApp.swift; sourceTree = "<group>"; };
		38B20A6A26E13C280028B819 /* MyPortfolioView.swift */ = {isa = PBXFileReference; lastKnownFileType = sourcecode.swift; path = MyPortfolioView.swift; sourceTree = "<group>"; };
		38B20A6C26E13C2B0028B819 /* Assets.xcassets */ = {isa = PBXFileReference; lastKnownFileType = folder.assetcatalog; path = Assets.xcassets; sourceTree = "<group>"; };
		38B20A6F26E13C2B0028B819 /* Preview Assets.xcassets */ = {isa = PBXFileReference; lastKnownFileType = folder.assetcatalog; path = "Preview Assets.xcassets"; sourceTree = "<group>"; };
		38B20A7D26E14C110028B819 /* InvestTabView.swift */ = {isa = PBXFileReference; lastKnownFileType = sourcecode.swift; path = InvestTabView.swift; sourceTree = "<group>"; };
		38B20A7F26E157340028B819 /* Color+.swift */ = {isa = PBXFileReference; lastKnownFileType = sourcecode.swift; path = "Color+.swift"; sourceTree = "<group>"; };
		38CE2E9F26E47B0500FD0E17 /* String+.swift */ = {isa = PBXFileReference; lastKnownFileType = sourcecode.swift; path = "String+.swift"; sourceTree = "<group>"; };
		38CF8DA826E55DC600F817F6 /* HapticManager.swift */ = {isa = PBXFileReference; lastKnownFileType = sourcecode.swift; path = HapticManager.swift; sourceTree = "<group>"; };
		38D5666126E26FF0005D71DA /* DetailLineChartView.swift */ = {isa = PBXFileReference; lastKnownFileType = sourcecode.swift; path = DetailLineChartView.swift; sourceTree = "<group>"; };
		38D5666326E27336005D71DA /* CoinDetailView.swift */ = {isa = PBXFileReference; lastKnownFileType = sourcecode.swift; path = CoinDetailView.swift; sourceTree = "<group>"; };
		38D5666526E27ED1005D71DA /* ListTitleRow.swift */ = {isa = PBXFileReference; lastKnownFileType = sourcecode.swift; path = ListTitleRow.swift; sourceTree = "<group>"; };
		38D5666826E282C8005D71DA /* CoinDetailViewModel.swift */ = {isa = PBXFileReference; lastKnownFileType = sourcecode.swift; path = CoinDetailViewModel.swift; sourceTree = "<group>"; };
		38F6634C26E437E500631E88 /* CoinDetailNewsView.swift */ = {isa = PBXFileReference; lastKnownFileType = sourcecode.swift; path = CoinDetailNewsView.swift; sourceTree = "<group>"; };
		38F6634E26E43B5900631E88 /* CoinMarketChartModel.swift */ = {isa = PBXFileReference; lastKnownFileType = sourcecode.swift; path = CoinMarketChartModel.swift; sourceTree = "<group>"; };
		38F6635026E43E5300631E88 /* CoinMarketChartService.swift */ = {isa = PBXFileReference; lastKnownFileType = sourcecode.swift; path = CoinMarketChartService.swift; sourceTree = "<group>"; };
/* End PBXFileReference section */

/* Begin PBXFrameworksBuildPhase section */
		38B20A6226E13C280028B819 /* Frameworks */ = {
			isa = PBXFrameworksBuildPhase;
			buildActionMask = 2147483647;
			files = (
				3824178B26E1D4BE002BCA6E /* BetterSafariView in Frameworks */,
			);
			runOnlyForDeploymentPostprocessing = 0;
		};
/* End PBXFrameworksBuildPhase section */

/* Begin PBXGroup section */
		3808477626F22E0E005ABF4F /* AccountTab */ = {
			isa = PBXGroup;
			children = (
				3808477826F22E44005ABF4F /* ViewModels */,
				3808477726F22E40005ABF4F /* Views */,
			);
			path = AccountTab;
			sourceTree = "<group>";
		};
		3808477726F22E40005ABF4F /* Views */ = {
			isa = PBXGroup;
			children = (
				3808477926F22E69005ABF4F /* AccountTabView.swift */,
				3808478226F26A5D005ABF4F /* AllAcountsView.swift */,
			);
			path = Views;
			sourceTree = "<group>";
		};
		3808477826F22E44005ABF4F /* ViewModels */ = {
			isa = PBXGroup;
			children = (
				3808478026F23889005ABF4F /* AccountTabViewModel.swift */,
			);
			path = ViewModels;
			sourceTree = "<group>";
		};
		3824175226E18429002BCA6E /* Componenets */ = {
			isa = PBXGroup;
			children = (
				3824179026E1D5C0002BCA6E /* CustomImage */,
				3824177526E1C87B002BCA6E /* LineChart */,
				3824177126E1A9FF002BCA6E /* XMarkButton.swift */,
				38D5666526E27ED1005D71DA /* ListTitleRow.swift */,
				3822D58E26F6835600528839 /* CoinLogoView.swift */,
			);
			path = Componenets;
			sourceTree = "<group>";
		};
		3824175326E18477002BCA6E /* Models */ = {
			isa = PBXGroup;
			children = (
				3824175926E184ED002BCA6E /* CoinModel.swift */,
				38F6634E26E43B5900631E88 /* CoinMarketChartModel.swift */,
				3824177F26E1D250002BCA6E /* NewsModel.swift */,
				3808477B26F2301D005ABF4F /* AccountContainer.xcdatamodeld */,
			);
			path = Models;
			sourceTree = "<group>";
		};
		3824175426E1847D002BCA6E /* Utils */ = {
			isa = PBXGroup;
			children = (
				3824175626E184CA002BCA6E /* NetworkManager.swift */,
				3824178C26E1D559002BCA6E /* LocalFileManager.swift */,
				38CF8DA826E55DC600F817F6 /* HapticManager.swift */,
			);
			path = Utils;
			sourceTree = "<group>";
		};
		3824175526E18486002BCA6E /* Services */ = {
			isa = PBXGroup;
			children = (
				3824178E26E1D584002BCA6E /* ImageService.swift */,
				3824175B26E18511002BCA6E /* CoinDataService.swift */,
				38F6635026E43E5300631E88 /* CoinMarketChartService.swift */,
				3824178326E1D2B6002BCA6E /* NewsDataService.swift */,
				3808477E26F23254005ABF4F /* AccountDataService.swift */,
			);
			path = Services;
			sourceTree = "<group>";
		};
		3824176326E187D6002BCA6E /* SubViews */ = {
			isa = PBXGroup;
			children = (
				3824176426E187E4002BCA6E /* CoinRowView.swift */,
				3824176626E19A0B002BCA6E /* CryptoListDetailView.swift */,
				3824176F26E1A5DC002BCA6E /* AddCoinView.swift */,
				3822D59026F6882700528839 /* OrderCoinView.swift */,
			);
			path = SubViews;
			sourceTree = "<group>";
		};
		3824177526E1C87B002BCA6E /* LineChart */ = {
			isa = PBXGroup;
			children = (
				3824177626E1C88A002BCA6E /* SimpleLineChartView.swift */,
				38D5666126E26FF0005D71DA /* DetailLineChartView.swift */,
			);
			path = LineChart;
			sourceTree = "<group>";
		};
		3824177A26E1D1D9002BCA6E /* BrowseTab */ = {
			isa = PBXGroup;
			children = (
				3824177C26E1D1EE002BCA6E /* ViewModels */,
				3824177B26E1D1EA002BCA6E /* Views */,
			);
			path = BrowseTab;
			sourceTree = "<group>";
		};
		3824177B26E1D1EA002BCA6E /* Views */ = {
			isa = PBXGroup;
			children = (
				3824177D26E1D230002BCA6E /* BrowseTabView.swift */,
				3824178726E1D3BA002BCA6E /* NewsRowView.swift */,
			);
			path = Views;
			sourceTree = "<group>";
		};
		3824177C26E1D1EE002BCA6E /* ViewModels */ = {
			isa = PBXGroup;
			children = (
				3824178526E1D2D2002BCA6E /* BrowseTabViewModel.swift */,
			);
			path = ViewModels;
			sourceTree = "<group>";
		};
		3824179026E1D5C0002BCA6E /* CustomImage */ = {
			isa = PBXGroup;
			children = (
				3824179326E1D5F0002BCA6E /* CustomImageViewModel.swift */,
				3824179126E1D5E0002BCA6E /* CustomImageView.swift */,
			);
			path = CustomImage;
			sourceTree = "<group>";
		};
		38B20A5C26E13C280028B819 = {
			isa = PBXGroup;
			children = (
				38B20A6726E13C280028B819 /* MyPortfolio */,
				38B20A6626E13C280028B819 /* Products */,
			);
			sourceTree = "<group>";
		};
		38B20A6626E13C280028B819 /* Products */ = {
			isa = PBXGroup;
			children = (
				38B20A6526E13C280028B819 /* MyPortfolio.app */,
			);
			name = Products;
			sourceTree = "<group>";
		};
		38B20A6726E13C280028B819 /* MyPortfolio */ = {
			isa = PBXGroup;
			children = (
				3824177826E1D1A8002BCA6E /* API.swift */,
				38B20A6826E13C280028B819 /* MyPortfolioApp.swift */,
				38B20A6A26E13C280028B819 /* MyPortfolioView.swift */,
				3824175426E1847D002BCA6E /* Utils */,
				38B20A7626E147A00028B819 /* Extensions */,
				3824175526E18486002BCA6E /* Services */,
				3824175326E18477002BCA6E /* Models */,
				38B20A7926E14BE30028B819 /* Core */,
				38B20A6C26E13C2B0028B819 /* Assets.xcassets */,
				38B20A6E26E13C2B0028B819 /* Preview Content */,
			);
			path = MyPortfolio;
			sourceTree = "<group>";
		};
		38B20A6E26E13C2B0028B819 /* Preview Content */ = {
			isa = PBXGroup;
			children = (
				38B20A6F26E13C2B0028B819 /* Preview Assets.xcassets */,
			);
			path = "Preview Content";
			sourceTree = "<group>";
		};
		38B20A7626E147A00028B819 /* Extensions */ = {
			isa = PBXGroup;
			children = (
				38B20A7F26E157340028B819 /* Color+.swift */,
				3824178126E1D289002BCA6E /* Date+.swift */,
				3824176126E18688002BCA6E /* Double+.swift */,
				3824177326E1C861002BCA6E /* Path+.swift */,
				3824175F26E1862F002BCA6E /* PreviewProvider+.swift */,
				38CE2E9F26E47B0500FD0E17 /* String+.swift */,
				3824176826E19D2E002BCA6E /* UINavigationController+.swift */,
				38723A9426FBAC170052EE4E /* View+.swift */,
			);
			path = Extensions;
			sourceTree = "<group>";
		};
		38B20A7926E14BE30028B819 /* Core */ = {
			isa = PBXGroup;
			children = (
				3824175226E18429002BCA6E /* Componenets */,
				3824177A26E1D1D9002BCA6E /* BrowseTab */,
				38B20A7A26E14BF10028B819 /* InvestTab */,
				3808477626F22E0E005ABF4F /* AccountTab */,
			);
			path = Core;
			sourceTree = "<group>";
		};
		38B20A7A26E14BF10028B819 /* InvestTab */ = {
			isa = PBXGroup;
			children = (
				38B20A7C26E14C020028B819 /* ViewModels */,
				38B20A7B26E14BFC0028B819 /* Views */,
			);
			path = InvestTab;
			sourceTree = "<group>";
		};
		38B20A7B26E14BFC0028B819 /* Views */ = {
			isa = PBXGroup;
			children = (
				38B20A7D26E14C110028B819 /* InvestTabView.swift */,
				3824176326E187D6002BCA6E /* SubViews */,
				38D5666726E2827E005D71DA /* CoinDetailView */,
			);
			path = Views;
			sourceTree = "<group>";
		};
		38B20A7C26E14C020028B819 /* ViewModels */ = {
			isa = PBXGroup;
			children = (
				3824175D26E18563002BCA6E /* InvestTabViewModel.swift */,
			);
			path = ViewModels;
			sourceTree = "<group>";
		};
		38D5666726E2827E005D71DA /* CoinDetailView */ = {
			isa = PBXGroup;
			children = (
				38D5666826E282C8005D71DA /* CoinDetailViewModel.swift */,
				38D5666326E27336005D71DA /* CoinDetailView.swift */,
				38F6634C26E437E500631E88 /* CoinDetailNewsView.swift */,
			);
			path = CoinDetailView;
			sourceTree = "<group>";
		};
/* End PBXGroup section */

/* Begin PBXNativeTarget section */
		38B20A6426E13C280028B819 /* MyPortfolio */ = {
			isa = PBXNativeTarget;
			buildConfigurationList = 38B20A7326E13C2B0028B819 /* Build configuration list for PBXNativeTarget "MyPortfolio" */;
			buildPhases = (
				38B20A6126E13C280028B819 /* Sources */,
				38B20A6226E13C280028B819 /* Frameworks */,
				38B20A6326E13C280028B819 /* Resources */,
			);
			buildRules = (
			);
			dependencies = (
			);
			name = MyPortfolio;
			packageProductDependencies = (
				3824178A26E1D4BE002BCA6E /* BetterSafariView */,
			);
			productName = MyPortfolio;
			productReference = 38B20A6526E13C280028B819 /* MyPortfolio.app */;
			productType = "com.apple.product-type.application";
		};
/* End PBXNativeTarget section */

/* Begin PBXProject section */
		38B20A5D26E13C280028B819 /* Project object */ = {
			isa = PBXProject;
			attributes = {
				BuildIndependentTargetsInParallel = 1;
				LastSwiftUpdateCheck = 1300;
				LastUpgradeCheck = 1300;
				TargetAttributes = {
					38B20A6426E13C280028B819 = {
						CreatedOnToolsVersion = 13.0;
					};
				};
			};
			buildConfigurationList = 38B20A6026E13C280028B819 /* Build configuration list for PBXProject "MyPortfolio" */;
			compatibilityVersion = "Xcode 13.0";
			developmentRegion = en;
			hasScannedForEncodings = 0;
			knownRegions = (
				en,
				Base,
			);
			mainGroup = 38B20A5C26E13C280028B819;
			packageReferences = (
				3824178926E1D4BE002BCA6E /* XCRemoteSwiftPackageReference "BetterSafariView" */,
			);
			productRefGroup = 38B20A6626E13C280028B819 /* Products */;
			projectDirPath = "";
			projectRoot = "";
			targets = (
				38B20A6426E13C280028B819 /* MyPortfolio */,
			);
		};
/* End PBXProject section */

/* Begin PBXResourcesBuildPhase section */
		38B20A6326E13C280028B819 /* Resources */ = {
			isa = PBXResourcesBuildPhase;
			buildActionMask = 2147483647;
			files = (
				38B20A7026E13C2B0028B819 /* Preview Assets.xcassets in Resources */,
				38B20A6D26E13C2B0028B819 /* Assets.xcassets in Resources */,
			);
			runOnlyForDeploymentPostprocessing = 0;
		};
/* End PBXResourcesBuildPhase section */

/* Begin PBXSourcesBuildPhase section */
		38B20A6126E13C280028B819 /* Sources */ = {
			isa = PBXSourcesBuildPhase;
			buildActionMask = 2147483647;
			files = (
				38D5666226E26FF0005D71DA /* DetailLineChartView.swift in Sources */,
				3824178226E1D289002BCA6E /* Date+.swift in Sources */,
				3824178626E1D2D2002BCA6E /* BrowseTabViewModel.swift in Sources */,
				38B20A7E26E14C110028B819 /* InvestTabView.swift in Sources */,
				3808477F26F23254005ABF4F /* AccountDataService.swift in Sources */,
				3824176526E187E4002BCA6E /* CoinRowView.swift in Sources */,
				38D5666426E27336005D71DA /* CoinDetailView.swift in Sources */,
				3824177026E1A5DC002BCA6E /* AddCoinView.swift in Sources */,
				3808478126F23889005ABF4F /* AccountTabViewModel.swift in Sources */,
				3824177726E1C88A002BCA6E /* SimpleLineChartView.swift in Sources */,
				3824179226E1D5E0002BCA6E /* CustomImageView.swift in Sources */,
				3824178026E1D250002BCA6E /* NewsModel.swift in Sources */,
				3824178426E1D2B6002BCA6E /* NewsDataService.swift in Sources */,
				38723A9526FBAC170052EE4E /* View+.swift in Sources */,
				38CF8DA926E55DC600F817F6 /* HapticManager.swift in Sources */,
				3824178F26E1D584002BCA6E /* ImageService.swift in Sources */,
				38B20A8026E157340028B819 /* Color+.swift in Sources */,
				3824175C26E18511002BCA6E /* CoinDataService.swift in Sources */,
				3822D58F26F6835600528839 /* CoinLogoView.swift in Sources */,
				3824176726E19A0B002BCA6E /* CryptoListDetailView.swift in Sources */,
				3824177426E1C861002BCA6E /* Path+.swift in Sources */,
				38F6635126E43E5300631E88 /* CoinMarketChartService.swift in Sources */,
				38F6634D26E437E500631E88 /* CoinDetailNewsView.swift in Sources */,
				3822D59126F6882700528839 /* OrderCoinView.swift in Sources */,
				3824175726E184CA002BCA6E /* NetworkManager.swift in Sources */,
				3824177226E1A9FF002BCA6E /* XMarkButton.swift in Sources */,
				3824176226E18688002BCA6E /* Double+.swift in Sources */,
				3824177E26E1D230002BCA6E /* BrowseTabView.swift in Sources */,
				38CE2EA026E47B0500FD0E17 /* String+.swift in Sources */,
				3808478326F26A5D005ABF4F /* AllAcountsView.swift in Sources */,
				38B20A6B26E13C280028B819 /* MyPortfolioView.swift in Sources */,
				3824177926E1D1A8002BCA6E /* API.swift in Sources */,
				3808477D26F2301D005ABF4F /* AccountContainer.xcdatamodeld in Sources */,
				38D5666626E27ED1005D71DA /* ListTitleRow.swift in Sources */,
				3824178D26E1D559002BCA6E /* LocalFileManager.swift in Sources */,
				3808477A26F22E69005ABF4F /* AccountTabView.swift in Sources */,
				3824175A26E184ED002BCA6E /* CoinModel.swift in Sources */,
				3824176926E19D2E002BCA6E /* UINavigationController+.swift in Sources */,
				3824179426E1D5F0002BCA6E /* CustomImageViewModel.swift in Sources */,
				3824176026E1862F002BCA6E /* PreviewProvider+.swift in Sources */,
				38B20A6926E13C280028B819 /* MyPortfolioApp.swift in Sources */,
				3824178826E1D3BA002BCA6E /* NewsRowView.swift in Sources */,
				38F6634F26E43B5900631E88 /* CoinMarketChartModel.swift in Sources */,
				38D5666926E282C8005D71DA /* CoinDetailViewModel.swift in Sources */,
				3824175E26E18563002BCA6E /* InvestTabViewModel.swift in Sources */,
			);
			runOnlyForDeploymentPostprocessing = 0;
		};
/* End PBXSourcesBuildPhase section */

/* Begin XCBuildConfiguration section */
		38B20A7126E13C2B0028B819 /* Debug */ = {
			isa = XCBuildConfiguration;
			buildSettings = {
				ALWAYS_SEARCH_USER_PATHS = NO;
				CLANG_ANALYZER_NONNULL = YES;
				CLANG_ANALYZER_NUMBER_OBJECT_CONVERSION = YES_AGGRESSIVE;
				CLANG_CXX_LANGUAGE_STANDARD = "gnu++17";
				CLANG_CXX_LIBRARY = "libc++";
				CLANG_ENABLE_MODULES = YES;
				CLANG_ENABLE_OBJC_ARC = YES;
				CLANG_ENABLE_OBJC_WEAK = YES;
				CLANG_WARN_BLOCK_CAPTURE_AUTORELEASING = YES;
				CLANG_WARN_BOOL_CONVERSION = YES;
				CLANG_WARN_COMMA = YES;
				CLANG_WARN_CONSTANT_CONVERSION = YES;
				CLANG_WARN_DEPRECATED_OBJC_IMPLEMENTATIONS = YES;
				CLANG_WARN_DIRECT_OBJC_ISA_USAGE = YES_ERROR;
				CLANG_WARN_DOCUMENTATION_COMMENTS = YES;
				CLANG_WARN_EMPTY_BODY = YES;
				CLANG_WARN_ENUM_CONVERSION = YES;
				CLANG_WARN_INFINITE_RECURSION = YES;
				CLANG_WARN_INT_CONVERSION = YES;
				CLANG_WARN_NON_LITERAL_NULL_CONVERSION = YES;
				CLANG_WARN_OBJC_IMPLICIT_RETAIN_SELF = YES;
				CLANG_WARN_OBJC_LITERAL_CONVERSION = YES;
				CLANG_WARN_OBJC_ROOT_CLASS = YES_ERROR;
				CLANG_WARN_QUOTED_INCLUDE_IN_FRAMEWORK_HEADER = YES;
				CLANG_WARN_RANGE_LOOP_ANALYSIS = YES;
				CLANG_WARN_STRICT_PROTOTYPES = YES;
				CLANG_WARN_SUSPICIOUS_MOVE = YES;
				CLANG_WARN_UNGUARDED_AVAILABILITY = YES_AGGRESSIVE;
				CLANG_WARN_UNREACHABLE_CODE = YES;
				CLANG_WARN__DUPLICATE_METHOD_MATCH = YES;
				COPY_PHASE_STRIP = NO;
				DEBUG_INFORMATION_FORMAT = dwarf;
				ENABLE_STRICT_OBJC_MSGSEND = YES;
				ENABLE_TESTABILITY = YES;
				GCC_C_LANGUAGE_STANDARD = gnu11;
				GCC_DYNAMIC_NO_PIC = NO;
				GCC_NO_COMMON_BLOCKS = YES;
				GCC_OPTIMIZATION_LEVEL = 0;
				GCC_PREPROCESSOR_DEFINITIONS = (
					"DEBUG=1",
					"$(inherited)",
				);
				GCC_WARN_64_TO_32_BIT_CONVERSION = YES;
				GCC_WARN_ABOUT_RETURN_TYPE = YES_ERROR;
				GCC_WARN_UNDECLARED_SELECTOR = YES;
				GCC_WARN_UNINITIALIZED_AUTOS = YES_AGGRESSIVE;
				GCC_WARN_UNUSED_FUNCTION = YES;
				GCC_WARN_UNUSED_VARIABLE = YES;
				IPHONEOS_DEPLOYMENT_TARGET = 15.0;
				MTL_ENABLE_DEBUG_INFO = INCLUDE_SOURCE;
				MTL_FAST_MATH = YES;
				ONLY_ACTIVE_ARCH = YES;
				SDKROOT = iphoneos;
				SWIFT_ACTIVE_COMPILATION_CONDITIONS = DEBUG;
				SWIFT_OPTIMIZATION_LEVEL = "-Onone";
			};
			name = Debug;
		};
		38B20A7226E13C2B0028B819 /* Release */ = {
			isa = XCBuildConfiguration;
			buildSettings = {
				ALWAYS_SEARCH_USER_PATHS = NO;
				CLANG_ANALYZER_NONNULL = YES;
				CLANG_ANALYZER_NUMBER_OBJECT_CONVERSION = YES_AGGRESSIVE;
				CLANG_CXX_LANGUAGE_STANDARD = "gnu++17";
				CLANG_CXX_LIBRARY = "libc++";
				CLANG_ENABLE_MODULES = YES;
				CLANG_ENABLE_OBJC_ARC = YES;
				CLANG_ENABLE_OBJC_WEAK = YES;
				CLANG_WARN_BLOCK_CAPTURE_AUTORELEASING = YES;
				CLANG_WARN_BOOL_CONVERSION = YES;
				CLANG_WARN_COMMA = YES;
				CLANG_WARN_CONSTANT_CONVERSION = YES;
				CLANG_WARN_DEPRECATED_OBJC_IMPLEMENTATIONS = YES;
				CLANG_WARN_DIRECT_OBJC_ISA_USAGE = YES_ERROR;
				CLANG_WARN_DOCUMENTATION_COMMENTS = YES;
				CLANG_WARN_EMPTY_BODY = YES;
				CLANG_WARN_ENUM_CONVERSION = YES;
				CLANG_WARN_INFINITE_RECURSION = YES;
				CLANG_WARN_INT_CONVERSION = YES;
				CLANG_WARN_NON_LITERAL_NULL_CONVERSION = YES;
				CLANG_WARN_OBJC_IMPLICIT_RETAIN_SELF = YES;
				CLANG_WARN_OBJC_LITERAL_CONVERSION = YES;
				CLANG_WARN_OBJC_ROOT_CLASS = YES_ERROR;
				CLANG_WARN_QUOTED_INCLUDE_IN_FRAMEWORK_HEADER = YES;
				CLANG_WARN_RANGE_LOOP_ANALYSIS = YES;
				CLANG_WARN_STRICT_PROTOTYPES = YES;
				CLANG_WARN_SUSPICIOUS_MOVE = YES;
				CLANG_WARN_UNGUARDED_AVAILABILITY = YES_AGGRESSIVE;
				CLANG_WARN_UNREACHABLE_CODE = YES;
				CLANG_WARN__DUPLICATE_METHOD_MATCH = YES;
				COPY_PHASE_STRIP = NO;
				DEBUG_INFORMATION_FORMAT = "dwarf-with-dsym";
				ENABLE_NS_ASSERTIONS = NO;
				ENABLE_STRICT_OBJC_MSGSEND = YES;
				GCC_C_LANGUAGE_STANDARD = gnu11;
				GCC_NO_COMMON_BLOCKS = YES;
				GCC_WARN_64_TO_32_BIT_CONVERSION = YES;
				GCC_WARN_ABOUT_RETURN_TYPE = YES_ERROR;
				GCC_WARN_UNDECLARED_SELECTOR = YES;
				GCC_WARN_UNINITIALIZED_AUTOS = YES_AGGRESSIVE;
				GCC_WARN_UNUSED_FUNCTION = YES;
				GCC_WARN_UNUSED_VARIABLE = YES;
				IPHONEOS_DEPLOYMENT_TARGET = 15.0;
				MTL_ENABLE_DEBUG_INFO = NO;
				MTL_FAST_MATH = YES;
				SDKROOT = iphoneos;
				SWIFT_COMPILATION_MODE = wholemodule;
				SWIFT_OPTIMIZATION_LEVEL = "-O";
				VALIDATE_PRODUCT = YES;
			};
			name = Release;
		};
		38B20A7426E13C2B0028B819 /* Debug */ = {
			isa = XCBuildConfiguration;
			buildSettings = {
				ASSETCATALOG_COMPILER_APPICON_NAME = AppIcon;
				ASSETCATALOG_COMPILER_GLOBAL_ACCENT_COLOR_NAME = AccentColor;
				CODE_SIGN_STYLE = Automatic;
				CURRENT_PROJECT_VERSION = 1;
				DEVELOPMENT_ASSET_PATHS = "\"MyPortfolio/Preview Content\"";
				DEVELOPMENT_TEAM = 53U9K2SP49;
				ENABLE_PREVIEWS = YES;
				GENERATE_INFOPLIST_FILE = YES;
				INFOPLIST_KEY_UIApplicationSceneManifest_Generation = YES;
				INFOPLIST_KEY_UIApplicationSupportsIndirectInputEvents = YES;
				INFOPLIST_KEY_UILaunchScreen_Generation = YES;
				INFOPLIST_KEY_UISupportedInterfaceOrientations = UIInterfaceOrientationPortrait;
				INFOPLIST_KEY_UISupportedInterfaceOrientations_iPad = "UIInterfaceOrientationPortrait UIInterfaceOrientationPortraitUpsideDown UIInterfaceOrientationLandscapeLeft UIInterfaceOrientationLandscapeRight";
				INFOPLIST_KEY_UISupportedInterfaceOrientations_iPhone = "UIInterfaceOrientationPortrait UIInterfaceOrientationLandscapeLeft UIInterfaceOrientationLandscapeRight";
				IPHONEOS_DEPLOYMENT_TARGET = 15.0;
				LD_RUNPATH_SEARCH_PATHS = (
					"$(inherited)",
					"@executable_path/Frameworks",
				);
				MARKETING_VERSION = 1.0;
				PRODUCT_BUNDLE_IDENTIFIER = edu.cornell.zx252.MyPortfolio;
				PRODUCT_NAME = "$(TARGET_NAME)";
				SWIFT_EMIT_LOC_STRINGS = YES;
				SWIFT_VERSION = 5.0;
				TARGETED_DEVICE_FAMILY = "1,2";
			};
			name = Debug;
		};
		38B20A7526E13C2B0028B819 /* Release */ = {
			isa = XCBuildConfiguration;
			buildSettings = {
				ASSETCATALOG_COMPILER_APPICON_NAME = AppIcon;
				ASSETCATALOG_COMPILER_GLOBAL_ACCENT_COLOR_NAME = AccentColor;
				CODE_SIGN_STYLE = Automatic;
				CURRENT_PROJECT_VERSION = 1;
				DEVELOPMENT_ASSET_PATHS = "\"MyPortfolio/Preview Content\"";
				DEVELOPMENT_TEAM = 53U9K2SP49;
				ENABLE_PREVIEWS = YES;
				GENERATE_INFOPLIST_FILE = YES;
				INFOPLIST_KEY_UIApplicationSceneManifest_Generation = YES;
				INFOPLIST_KEY_UIApplicationSupportsIndirectInputEvents = YES;
				INFOPLIST_KEY_UILaunchScreen_Generation = YES;
				INFOPLIST_KEY_UISupportedInterfaceOrientations = UIInterfaceOrientationPortrait;
				INFOPLIST_KEY_UISupportedInterfaceOrientations_iPad = "UIInterfaceOrientationPortrait UIInterfaceOrientationPortraitUpsideDown UIInterfaceOrientationLandscapeLeft UIInterfaceOrientationLandscapeRight";
				INFOPLIST_KEY_UISupportedInterfaceOrientations_iPhone = "UIInterfaceOrientationPortrait UIInterfaceOrientationLandscapeLeft UIInterfaceOrientationLandscapeRight";
				IPHONEOS_DEPLOYMENT_TARGET = 15.0;
				LD_RUNPATH_SEARCH_PATHS = (
					"$(inherited)",
					"@executable_path/Frameworks",
				);
				MARKETING_VERSION = 1.0;
				PRODUCT_BUNDLE_IDENTIFIER = edu.cornell.zx252.MyPortfolio;
				PRODUCT_NAME = "$(TARGET_NAME)";
				SWIFT_EMIT_LOC_STRINGS = YES;
				SWIFT_VERSION = 5.0;
				TARGETED_DEVICE_FAMILY = "1,2";
			};
			name = Release;
		};
/* End XCBuildConfiguration section */

/* Begin XCConfigurationList section */
		38B20A6026E13C280028B819 /* Build configuration list for PBXProject "MyPortfolio" */ = {
			isa = XCConfigurationList;
			buildConfigurations = (
				38B20A7126E13C2B0028B819 /* Debug */,
				38B20A7226E13C2B0028B819 /* Release */,
			);
			defaultConfigurationIsVisible = 0;
			defaultConfigurationName = Release;
		};
		38B20A7326E13C2B0028B819 /* Build configuration list for PBXNativeTarget "MyPortfolio" */ = {
			isa = XCConfigurationList;
			buildConfigurations = (
				38B20A7426E13C2B0028B819 /* Debug */,
				38B20A7526E13C2B0028B819 /* Release */,
			);
			defaultConfigurationIsVisible = 0;
			defaultConfigurationName = Release;
		};
/* End XCConfigurationList section */

/* Begin XCRemoteSwiftPackageReference section */
		3824178926E1D4BE002BCA6E /* XCRemoteSwiftPackageReference "BetterSafariView" */ = {
			isa = XCRemoteSwiftPackageReference;
			repositoryURL = "https://github.com/stleamist/BetterSafariView.git";
			requirement = {
				kind = upToNextMajorVersion;
				minimumVersion = 2.3.1;
			};
		};
/* End XCRemoteSwiftPackageReference section */

/* Begin XCSwiftPackageProductDependency section */
		3824178A26E1D4BE002BCA6E /* BetterSafariView */ = {
			isa = XCSwiftPackageProductDependency;
			package = 3824178926E1D4BE002BCA6E /* XCRemoteSwiftPackageReference "BetterSafariView" */;
			productName = BetterSafariView;
		};
/* End XCSwiftPackageProductDependency section */

/* Begin XCVersionGroup section */
		3808477B26F2301D005ABF4F /* AccountContainer.xcdatamodeld */ = {
			isa = XCVersionGroup;
			children = (
				3808477C26F2301D005ABF4F /* PortfolioContainer.xcdatamodel */,
			);
			currentVersion = 3808477C26F2301D005ABF4F /* PortfolioContainer.xcdatamodel */;
			path = AccountContainer.xcdatamodeld;
			sourceTree = "<group>";
			versionGroupType = wrapper.xcdatamodel;
		};
/* End XCVersionGroup section */
	};
	rootObject = 38B20A5D26E13C280028B819 /* Project object */;
}
